// !$*UTF8*$!
{
	archiveVersion = 1;
	classes = {
	};
	objectVersion = 55;
	objects = {

/* Begin PBXBuildFile section */
		2BE7C89F27963A6C00870DBD /* AppDelegate.swift in Sources */ = {isa = PBXBuildFile; fileRef = 2BE7C89E27963A6C00870DBD /* AppDelegate.swift */; };
		2BE7C8A127963A6C00870DBD /* SceneDelegate.swift in Sources */ = {isa = PBXBuildFile; fileRef = 2BE7C8A027963A6C00870DBD /* SceneDelegate.swift */; };
		2BE7C8A327963A6C00870DBD /* ViewController.swift in Sources */ = {isa = PBXBuildFile; fileRef = 2BE7C8A227963A6C00870DBD /* ViewController.swift */; };
		2BE7C8A627963A6C00870DBD /* Main.storyboard in Resources */ = {isa = PBXBuildFile; fileRef = 2BE7C8A427963A6C00870DBD /* Main.storyboard */; };
		2BE7C8A827963A6C00870DBD /* Assets.xcassets in Resources */ = {isa = PBXBuildFile; fileRef = 2BE7C8A727963A6C00870DBD /* Assets.xcassets */; };
		2BE7C8AB27963A6C00870DBD /* LaunchScreen.storyboard in Resources */ = {isa = PBXBuildFile; fileRef = 2BE7C8A927963A6C00870DBD /* LaunchScreen.storyboard */; };
		2BE7C8B627963A6C00870DBD /* Calibrar1Tests.swift in Sources */ = {isa = PBXBuildFile; fileRef = 2BE7C8B527963A6C00870DBD /* Calibrar1Tests.swift */; };
		2BE7C8C027963A6C00870DBD /* Calibrar1UITests.swift in Sources */ = {isa = PBXBuildFile; fileRef = 2BE7C8BF27963A6C00870DBD /* Calibrar1UITests.swift */; };
		2BE7C8C227963A6C00870DBD /* Calibrar1UITestsLaunchTests.swift in Sources */ = {isa = PBXBuildFile; fileRef = 2BE7C8C127963A6C00870DBD /* Calibrar1UITestsLaunchTests.swift */; };
		2BE7C8CF27963D1800870DBD /* NewViewController.swift in Sources */ = {isa = PBXBuildFile; fileRef = 2BE7C8CE27963D1800870DBD /* NewViewController.swift */; };
		2BE7C8D127963EE300870DBD /* Todo.swift in Sources */ = {isa = PBXBuildFile; fileRef = 2BE7C8D027963EE300870DBD /* Todo.swift */; };
		2BE7C8D327963F0B00870DBD /* TodoService.swift in Sources */ = {isa = PBXBuildFile; fileRef = 2BE7C8D227963F0B00870DBD /* TodoService.swift */; };
		589692B68AAB4351A873A001 /* Pods_Calibrar1.framework in Frameworks */ = {isa = PBXBuildFile; fileRef = E805E37E301C843FC41385B9 /* Pods_Calibrar1.framework */; };
		CC5FAE0E2B16707E47892271 /* Pods_Calibrar1Tests.framework in Frameworks */ = {isa = PBXBuildFile; fileRef = 8915BB7C0EFCDAFD99572A0E /* Pods_Calibrar1Tests.framework */; };
		ECDE7BC936B18DC623059423 /* Pods_Calibrar1_Calibrar1UITests.framework in Frameworks */ = {isa = PBXBuildFile; fileRef = 71FB7DD9C4F3546B274E7E7B /* Pods_Calibrar1_Calibrar1UITests.framework */; };
/* End PBXBuildFile section */

/* Begin PBXContainerItemProxy section */
		2BE7C8B227963A6C00870DBD /* PBXContainerItemProxy */ = {
			isa = PBXContainerItemProxy;
			containerPortal = 2BE7C89327963A6C00870DBD /* Project object */;
			proxyType = 1;
			remoteGlobalIDString = 2BE7C89A27963A6C00870DBD;
			remoteInfo = Calibrar1;
		};
		2BE7C8BC27963A6C00870DBD /* PBXContainerItemProxy */ = {
			isa = PBXContainerItemProxy;
			containerPortal = 2BE7C89327963A6C00870DBD /* Project object */;
			proxyType = 1;
			remoteGlobalIDString = 2BE7C89A27963A6C00870DBD;
			remoteInfo = Calibrar1;
		};
/* End PBXContainerItemProxy section */

/* Begin PBXFileReference section */
		17F1B9534C3E1E133A81E737 /* Pods-Calibrar1Tests.release.xcconfig */ = {isa = PBXFileReference; includeInIndex = 1; lastKnownFileType = text.xcconfig; name = "Pods-Calibrar1Tests.release.xcconfig"; path = "Target Support Files/Pods-Calibrar1Tests/Pods-Calibrar1Tests.release.xcconfig"; sourceTree = "<group>"; };
		25A6ABCDA3EC226E4D14EC99 /* Pods-Calibrar1.debug.xcconfig */ = {isa = PBXFileReference; includeInIndex = 1; lastKnownFileType = text.xcconfig; name = "Pods-Calibrar1.debug.xcconfig"; path = "Target Support Files/Pods-Calibrar1/Pods-Calibrar1.debug.xcconfig"; sourceTree = "<group>"; };
		2A9726314ED50021FF589413 /* Pods-Calibrar1Tests.debug.xcconfig */ = {isa = PBXFileReference; includeInIndex = 1; lastKnownFileType = text.xcconfig; name = "Pods-Calibrar1Tests.debug.xcconfig"; path = "Target Support Files/Pods-Calibrar1Tests/Pods-Calibrar1Tests.debug.xcconfig"; sourceTree = "<group>"; };
		2BE7C89B27963A6C00870DBD /* Calibrar1.app */ = {isa = PBXFileReference; explicitFileType = wrapper.application; includeInIndex = 0; path = Calibrar1.app; sourceTree = BUILT_PRODUCTS_DIR; };
		2BE7C89E27963A6C00870DBD /* AppDelegate.swift */ = {isa = PBXFileReference; lastKnownFileType = sourcecode.swift; path = AppDelegate.swift; sourceTree = "<group>"; };
		2BE7C8A027963A6C00870DBD /* SceneDelegate.swift */ = {isa = PBXFileReference; lastKnownFileType = sourcecode.swift; path = SceneDelegate.swift; sourceTree = "<group>"; };
		2BE7C8A227963A6C00870DBD /* ViewController.swift */ = {isa = PBXFileReference; lastKnownFileType = sourcecode.swift; path = ViewController.swift; sourceTree = "<group>"; };
		2BE7C8A527963A6C00870DBD /* Base */ = {isa = PBXFileReference; lastKnownFileType = file.storyboard; name = Base; path = Base.lproj/Main.storyboard; sourceTree = "<group>"; };
		2BE7C8A727963A6C00870DBD /* Assets.xcassets */ = {isa = PBXFileReference; lastKnownFileType = folder.assetcatalog; path = Assets.xcassets; sourceTree = "<group>"; };
		2BE7C8AA27963A6C00870DBD /* Base */ = {isa = PBXFileReference; lastKnownFileType = file.storyboard; name = Base; path = Base.lproj/LaunchScreen.storyboard; sourceTree = "<group>"; };
		2BE7C8AC27963A6C00870DBD /* Info.plist */ = {isa = PBXFileReference; lastKnownFileType = text.plist.xml; path = Info.plist; sourceTree = "<group>"; };
		2BE7C8B127963A6C00870DBD /* Calibrar1Tests.xctest */ = {isa = PBXFileReference; explicitFileType = wrapper.cfbundle; includeInIndex = 0; path = Calibrar1Tests.xctest; sourceTree = BUILT_PRODUCTS_DIR; };
		2BE7C8B527963A6C00870DBD /* Calibrar1Tests.swift */ = {isa = PBXFileReference; lastKnownFileType = sourcecode.swift; path = Calibrar1Tests.swift; sourceTree = "<group>"; };
		2BE7C8BB27963A6C00870DBD /* Calibrar1UITests.xctest */ = {isa = PBXFileReference; explicitFileType = wrapper.cfbundle; includeInIndex = 0; path = Calibrar1UITests.xctest; sourceTree = BUILT_PRODUCTS_DIR; };
		2BE7C8BF27963A6C00870DBD /* Calibrar1UITests.swift */ = {isa = PBXFileReference; lastKnownFileType = sourcecode.swift; path = Calibrar1UITests.swift; sourceTree = "<group>"; };
		2BE7C8C127963A6C00870DBD /* Calibrar1UITestsLaunchTests.swift */ = {isa = PBXFileReference; lastKnownFileType = sourcecode.swift; path = Calibrar1UITestsLaunchTests.swift; sourceTree = "<group>"; };
		2BE7C8CE27963D1800870DBD /* NewViewController.swift */ = {isa = PBXFileReference; lastKnownFileType = sourcecode.swift; path = NewViewController.swift; sourceTree = "<group>"; };
		2BE7C8D027963EE300870DBD /* Todo.swift */ = {isa = PBXFileReference; lastKnownFileType = sourcecode.swift; path = Todo.swift; sourceTree = "<group>"; };
		2BE7C8D227963F0B00870DBD /* TodoService.swift */ = {isa = PBXFileReference; lastKnownFileType = sourcecode.swift; path = TodoService.swift; sourceTree = "<group>"; };
		4BD8A4E604F8A1FD8A4DAB09 /* Pods-Calibrar1-Calibrar1UITests.release.xcconfig */ = {isa = PBXFileReference; includeInIndex = 1; lastKnownFileType = text.xcconfig; name = "Pods-Calibrar1-Calibrar1UITests.release.xcconfig"; path = "Target Support Files/Pods-Calibrar1-Calibrar1UITests/Pods-Calibrar1-Calibrar1UITests.release.xcconfig"; sourceTree = "<group>"; };
		71FB7DD9C4F3546B274E7E7B /* Pods_Calibrar1_Calibrar1UITests.framework */ = {isa = PBXFileReference; explicitFileType = wrapper.framework; includeInIndex = 0; path = Pods_Calibrar1_Calibrar1UITests.framework; sourceTree = BUILT_PRODUCTS_DIR; };
		8915BB7C0EFCDAFD99572A0E /* Pods_Calibrar1Tests.framework */ = {isa = PBXFileReference; explicitFileType = wrapper.framework; includeInIndex = 0; path = Pods_Calibrar1Tests.framework; sourceTree = BUILT_PRODUCTS_DIR; };
		AF0D2933C805DA21006F1651 /* Pods-Calibrar1.release.xcconfig */ = {isa = PBXFileReference; includeInIndex = 1; lastKnownFileType = text.xcconfig; name = "Pods-Calibrar1.release.xcconfig"; path = "Target Support Files/Pods-Calibrar1/Pods-Calibrar1.release.xcconfig"; sourceTree = "<group>"; };
		DE650A0B49882B7CD6315BCF /* Pods-Calibrar1-Calibrar1UITests.debug.xcconfig */ = {isa = PBXFileReference; includeInIndex = 1; lastKnownFileType = text.xcconfig; name = "Pods-Calibrar1-Calibrar1UITests.debug.xcconfig"; path = "Target Support Files/Pods-Calibrar1-Calibrar1UITests/Pods-Calibrar1-Calibrar1UITests.debug.xcconfig"; sourceTree = "<group>"; };
		E805E37E301C843FC41385B9 /* Pods_Calibrar1.framework */ = {isa = PBXFileReference; explicitFileType = wrapper.framework; includeInIndex = 0; path = Pods_Calibrar1.framework; sourceTree = BUILT_PRODUCTS_DIR; };
/* End PBXFileReference section */

/* Begin PBXFrameworksBuildPhase section */
		2BE7C89827963A6C00870DBD /* Frameworks */ = {
			isa = PBXFrameworksBuildPhase;
			buildActionMask = 2147483647;
			files = (
				589692B68AAB4351A873A001 /* Pods_Calibrar1.framework in Frameworks */,
			);
			runOnlyForDeploymentPostprocessing = 0;
		};
		2BE7C8AE27963A6C00870DBD /* Frameworks */ = {
			isa = PBXFrameworksBuildPhase;
			buildActionMask = 2147483647;
			files = (
				CC5FAE0E2B16707E47892271 /* Pods_Calibrar1Tests.framework in Frameworks */,
			);
			runOnlyForDeploymentPostprocessing = 0;
		};
		2BE7C8B827963A6C00870DBD /* Frameworks */ = {
			isa = PBXFrameworksBuildPhase;
			buildActionMask = 2147483647;
			files = (
				ECDE7BC936B18DC623059423 /* Pods_Calibrar1_Calibrar1UITests.framework in Frameworks */,
			);
			runOnlyForDeploymentPostprocessing = 0;
		};
/* End PBXFrameworksBuildPhase section */

/* Begin PBXGroup section */
		2BE7C89227963A6C00870DBD = {
			isa = PBXGroup;
			children = (
				2BE7C89D27963A6C00870DBD /* Calibrar1 */,
				2BE7C8B427963A6C00870DBD /* Calibrar1Tests */,
				2BE7C8BE27963A6C00870DBD /* Calibrar1UITests */,
				2BE7C89C27963A6C00870DBD /* Products */,
				C7EB049F1EE208C65F00C276 /* Pods */,
				3F86402E6D760E9E2E97D7CD /* Frameworks */,
			);
			sourceTree = "<group>";
		};
		2BE7C89C27963A6C00870DBD /* Products */ = {
			isa = PBXGroup;
			children = (
				2BE7C89B27963A6C00870DBD /* Calibrar1.app */,
				2BE7C8B127963A6C00870DBD /* Calibrar1Tests.xctest */,
				2BE7C8BB27963A6C00870DBD /* Calibrar1UITests.xctest */,
			);
			name = Products;
			sourceTree = "<group>";
		};
		2BE7C89D27963A6C00870DBD /* Calibrar1 */ = {
			isa = PBXGroup;
			children = (
				2BE7C89E27963A6C00870DBD /* AppDelegate.swift */,
				2BE7C8A027963A6C00870DBD /* SceneDelegate.swift */,
				2BE7C8A227963A6C00870DBD /* ViewController.swift */,
				2BE7C8A427963A6C00870DBD /* Main.storyboard */,
				2BE7C8A727963A6C00870DBD /* Assets.xcassets */,
				2BE7C8A927963A6C00870DBD /* LaunchScreen.storyboard */,
				2BE7C8AC27963A6C00870DBD /* Info.plist */,
				2BE7C8CE27963D1800870DBD /* NewViewController.swift */,
				2BE7C8D027963EE300870DBD /* Todo.swift */,
				2BE7C8D227963F0B00870DBD /* TodoService.swift */,
			);
			path = Calibrar1;
			sourceTree = "<group>";
		};
		2BE7C8B427963A6C00870DBD /* Calibrar1Tests */ = {
			isa = PBXGroup;
			children = (
				2BE7C8B527963A6C00870DBD /* Calibrar1Tests.swift */,
			);
			path = Calibrar1Tests;
			sourceTree = "<group>";
		};
		2BE7C8BE27963A6C00870DBD /* Calibrar1UITests */ = {
			isa = PBXGroup;
			children = (
				2BE7C8BF27963A6C00870DBD /* Calibrar1UITests.swift */,
				2BE7C8C127963A6C00870DBD /* Calibrar1UITestsLaunchTests.swift */,
			);
			path = Calibrar1UITests;
			sourceTree = "<group>";
		};
		3F86402E6D760E9E2E97D7CD /* Frameworks */ = {
			isa = PBXGroup;
			children = (
				E805E37E301C843FC41385B9 /* Pods_Calibrar1.framework */,
				71FB7DD9C4F3546B274E7E7B /* Pods_Calibrar1_Calibrar1UITests.framework */,
				8915BB7C0EFCDAFD99572A0E /* Pods_Calibrar1Tests.framework */,
			);
			name = Frameworks;
			sourceTree = "<group>";
		};
		C7EB049F1EE208C65F00C276 /* Pods */ = {
			isa = PBXGroup;
			children = (
				25A6ABCDA3EC226E4D14EC99 /* Pods-Calibrar1.debug.xcconfig */,
				AF0D2933C805DA21006F1651 /* Pods-Calibrar1.release.xcconfig */,
				DE650A0B49882B7CD6315BCF /* Pods-Calibrar1-Calibrar1UITests.debug.xcconfig */,
				4BD8A4E604F8A1FD8A4DAB09 /* Pods-Calibrar1-Calibrar1UITests.release.xcconfig */,
				2A9726314ED50021FF589413 /* Pods-Calibrar1Tests.debug.xcconfig */,
				17F1B9534C3E1E133A81E737 /* Pods-Calibrar1Tests.release.xcconfig */,
			);
			path = Pods;
			sourceTree = "<group>";
		};
/* End PBXGroup section */

/* Begin PBXNativeTarget section */
		2BE7C89A27963A6C00870DBD /* Calibrar1 */ = {
			isa = PBXNativeTarget;
			buildConfigurationList = 2BE7C8C527963A6C00870DBD /* Build configuration list for PBXNativeTarget "Calibrar1" */;
			buildPhases = (
				46E9E4A8FE8E8EDA6EDF3D25 /* [CP] Check Pods Manifest.lock */,
				2BE7C89727963A6C00870DBD /* Sources */,
				2BE7C89827963A6C00870DBD /* Frameworks */,
				2BE7C89927963A6C00870DBD /* Resources */,
				D112CA520D0788A303DC7588 /* [CP] Embed Pods Frameworks */,
			);
			buildRules = (
			);
			dependencies = (
			);
			name = Calibrar1;
			productName = Calibrar1;
			productReference = 2BE7C89B27963A6C00870DBD /* Calibrar1.app */;
			productType = "com.apple.product-type.application";
		};
		2BE7C8B027963A6C00870DBD /* Calibrar1Tests */ = {
			isa = PBXNativeTarget;
			buildConfigurationList = 2BE7C8C827963A6C00870DBD /* Build configuration list for PBXNativeTarget "Calibrar1Tests" */;
			buildPhases = (
				A68DA2C067CA9EE52CE0981D /* [CP] Check Pods Manifest.lock */,
				2BE7C8AD27963A6C00870DBD /* Sources */,
				2BE7C8AE27963A6C00870DBD /* Frameworks */,
				2BE7C8AF27963A6C00870DBD /* Resources */,
			);
			buildRules = (
			);
			dependencies = (
				2BE7C8B327963A6C00870DBD /* PBXTargetDependency */,
			);
			name = Calibrar1Tests;
			productName = Calibrar1Tests;
			productReference = 2BE7C8B127963A6C00870DBD /* Calibrar1Tests.xctest */;
			productType = "com.apple.product-type.bundle.unit-test";
		};
		2BE7C8BA27963A6C00870DBD /* Calibrar1UITests */ = {
			isa = PBXNativeTarget;
			buildConfigurationList = 2BE7C8CB27963A6C00870DBD /* Build configuration list for PBXNativeTarget "Calibrar1UITests" */;
			buildPhases = (
				F315359D472001E12DF92299 /* [CP] Check Pods Manifest.lock */,
				2BE7C8B727963A6C00870DBD /* Sources */,
				2BE7C8B827963A6C00870DBD /* Frameworks */,
				2BE7C8B927963A6C00870DBD /* Resources */,
				5DC586E51374F2853C5DD131 /* [CP] Embed Pods Frameworks */,
			);
			buildRules = (
			);
			dependencies = (
				2BE7C8BD27963A6C00870DBD /* PBXTargetDependency */,
			);
			name = Calibrar1UITests;
			productName = Calibrar1UITests;
			productReference = 2BE7C8BB27963A6C00870DBD /* Calibrar1UITests.xctest */;
			productType = "com.apple.product-type.bundle.ui-testing";
		};
/* End PBXNativeTarget section */

/* Begin PBXProject section */
		2BE7C89327963A6C00870DBD /* Project object */ = {
			isa = PBXProject;
			attributes = {
				BuildIndependentTargetsInParallel = 1;
				LastSwiftUpdateCheck = 1320;
				LastUpgradeCheck = 1320;
				TargetAttributes = {
					2BE7C89A27963A6C00870DBD = {
						CreatedOnToolsVersion = 13.2.1;
					};
					2BE7C8B027963A6C00870DBD = {
						CreatedOnToolsVersion = 13.2.1;
						TestTargetID = 2BE7C89A27963A6C00870DBD;
					};
					2BE7C8BA27963A6C00870DBD = {
						CreatedOnToolsVersion = 13.2.1;
						TestTargetID = 2BE7C89A27963A6C00870DBD;
					};
				};
			};
			buildConfigurationList = 2BE7C89627963A6C00870DBD /* Build configuration list for PBXProject "Calibrar1" */;
			compatibilityVersion = "Xcode 13.0";
			developmentRegion = en;
			hasScannedForEncodings = 0;
			knownRegions = (
				en,
				Base,
			);
			mainGroup = 2BE7C89227963A6C00870DBD;
			productRefGroup = 2BE7C89C27963A6C00870DBD /* Products */;
			projectDirPath = "";
			projectRoot = "";
			targets = (
				2BE7C89A27963A6C00870DBD /* Calibrar1 */,
				2BE7C8B027963A6C00870DBD /* Calibrar1Tests */,
				2BE7C8BA27963A6C00870DBD /* Calibrar1UITests */,
			);
		};
/* End PBXProject section */

/* Begin PBXResourcesBuildPhase section */
		2BE7C89927963A6C00870DBD /* Resources */ = {
			isa = PBXResourcesBuildPhase;
			buildActionMask = 2147483647;
			files = (
				2BE7C8AB27963A6C00870DBD /* LaunchScreen.storyboard in Resources */,
				2BE7C8A827963A6C00870DBD /* Assets.xcassets in Resources */,
				2BE7C8A627963A6C00870DBD /* Main.storyboard in Resources */,
			);
			runOnlyForDeploymentPostprocessing = 0;
		};
		2BE7C8AF27963A6C00870DBD /* Resources */ = {
			isa = PBXResourcesBuildPhase;
			buildActionMask = 2147483647;
			files = (
			);
			runOnlyForDeploymentPostprocessing = 0;
		};
		2BE7C8B927963A6C00870DBD /* Resources */ = {
			isa = PBXResourcesBuildPhase;
			buildActionMask = 2147483647;
			files = (
			);
			runOnlyForDeploymentPostprocessing = 0;
		};
/* End PBXResourcesBuildPhase section */

/* Begin PBXShellScriptBuildPhase section */
		46E9E4A8FE8E8EDA6EDF3D25 /* [CP] Check Pods Manifest.lock */ = {
			isa = PBXShellScriptBuildPhase;
			buildActionMask = 2147483647;
			files = (
			);
			inputFileListPaths = (
			);
			inputPaths = (
				"${PODS_PODFILE_DIR_PATH}/Podfile.lock",
				"${PODS_ROOT}/Manifest.lock",
			);
			name = "[CP] Check Pods Manifest.lock";
			outputFileListPaths = (
			);
			outputPaths = (
				"$(DERIVED_FILE_DIR)/Pods-Calibrar1-checkManifestLockResult.txt",
			);
			runOnlyForDeploymentPostprocessing = 0;
			shellPath = /bin/sh;
			shellScript = "diff \"${PODS_PODFILE_DIR_PATH}/Podfile.lock\" \"${PODS_ROOT}/Manifest.lock\" > /dev/null\nif [ $? != 0 ] ; then\n    # print error to STDERR\n    echo \"error: The sandbox is not in sync with the Podfile.lock. Run 'pod install' or update your CocoaPods installation.\" >&2\n    exit 1\nfi\n# This output is used by Xcode 'outputs' to avoid re-running this script phase.\necho \"SUCCESS\" > \"${SCRIPT_OUTPUT_FILE_0}\"\n";
			showEnvVarsInLog = 0;
		};
		5DC586E51374F2853C5DD131 /* [CP] Embed Pods Frameworks */ = {
			isa = PBXShellScriptBuildPhase;
			buildActionMask = 2147483647;
			files = (
			);
			inputFileListPaths = (
				"${PODS_ROOT}/Target Support Files/Pods-Calibrar1-Calibrar1UITests/Pods-Calibrar1-Calibrar1UITests-frameworks-${CONFIGURATION}-input-files.xcfilelist",
			);
			name = "[CP] Embed Pods Frameworks";
			outputFileListPaths = (
				"${PODS_ROOT}/Target Support Files/Pods-Calibrar1-Calibrar1UITests/Pods-Calibrar1-Calibrar1UITests-frameworks-${CONFIGURATION}-output-files.xcfilelist",
			);
			runOnlyForDeploymentPostprocessing = 0;
			shellPath = /bin/sh;
			shellScript = "\"${PODS_ROOT}/Target Support Files/Pods-Calibrar1-Calibrar1UITests/Pods-Calibrar1-Calibrar1UITests-frameworks.sh\"\n";
			showEnvVarsInLog = 0;
		};
		A68DA2C067CA9EE52CE0981D /* [CP] Check Pods Manifest.lock */ = {
			isa = PBXShellScriptBuildPhase;
			buildActionMask = 2147483647;
			files = (
			);
			inputFileListPaths = (
			);
			inputPaths = (
				"${PODS_PODFILE_DIR_PATH}/Podfile.lock",
				"${PODS_ROOT}/Manifest.lock",
			);
			name = "[CP] Check Pods Manifest.lock";
			outputFileListPaths = (
			);
			outputPaths = (
				"$(DERIVED_FILE_DIR)/Pods-Calibrar1Tests-checkManifestLockResult.txt",
			);
			runOnlyForDeploymentPostprocessing = 0;
			shellPath = /bin/sh;
			shellScript = "diff \"${PODS_PODFILE_DIR_PATH}/Podfile.lock\" \"${PODS_ROOT}/Manifest.lock\" > /dev/null\nif [ $? != 0 ] ; then\n    # print error to STDERR\n    echo \"error: The sandbox is not in sync with the Podfile.lock. Run 'pod install' or update your CocoaPods installation.\" >&2\n    exit 1\nfi\n# This output is used by Xcode 'outputs' to avoid re-running this script phase.\necho \"SUCCESS\" > \"${SCRIPT_OUTPUT_FILE_0}\"\n";
			showEnvVarsInLog = 0;
		};
		D112CA520D0788A303DC7588 /* [CP] Embed Pods Frameworks */ = {
			isa = PBXShellScriptBuildPhase;
			buildActionMask = 2147483647;
			files = (
			);
			inputFileListPaths = (
				"${PODS_ROOT}/Target Support Files/Pods-Calibrar1/Pods-Calibrar1-frameworks-${CONFIGURATION}-input-files.xcfilelist",
			);
			name = "[CP] Embed Pods Frameworks";
			outputFileListPaths = (
				"${PODS_ROOT}/Target Support Files/Pods-Calibrar1/Pods-Calibrar1-frameworks-${CONFIGURATION}-output-files.xcfilelist",
			);
			runOnlyForDeploymentPostprocessing = 0;
			shellPath = /bin/sh;
			shellScript = "\"${PODS_ROOT}/Target Support Files/Pods-Calibrar1/Pods-Calibrar1-frameworks.sh\"\n";
			showEnvVarsInLog = 0;
		};
		F315359D472001E12DF92299 /* [CP] Check Pods Manifest.lock */ = {
			isa = PBXShellScriptBuildPhase;
			buildActionMask = 2147483647;
			files = (
			);
			inputFileListPaths = (
			);
			inputPaths = (
				"${PODS_PODFILE_DIR_PATH}/Podfile.lock",
				"${PODS_ROOT}/Manifest.lock",
			);
			name = "[CP] Check Pods Manifest.lock";
			outputFileListPaths = (
			);
			outputPaths = (
				"$(DERIVED_FILE_DIR)/Pods-Calibrar1-Calibrar1UITests-checkManifestLockResult.txt",
			);
			runOnlyForDeploymentPostprocessing = 0;
			shellPath = /bin/sh;
			shellScript = "diff \"${PODS_PODFILE_DIR_PATH}/Podfile.lock\" \"${PODS_ROOT}/Manifest.lock\" > /dev/null\nif [ $? != 0 ] ; then\n    # print error to STDERR\n    echo \"error: The sandbox is not in sync with the Podfile.lock. Run 'pod install' or update your CocoaPods installation.\" >&2\n    exit 1\nfi\n# This output is used by Xcode 'outputs' to avoid re-running this script phase.\necho \"SUCCESS\" > \"${SCRIPT_OUTPUT_FILE_0}\"\n";
			showEnvVarsInLog = 0;
		};
/* End PBXShellScriptBuildPhase section */

/* Begin PBXSourcesBuildPhase section */
		2BE7C89727963A6C00870DBD /* Sources */ = {
			isa = PBXSourcesBuildPhase;
			buildActionMask = 2147483647;
			files = (
				2BE7C8A327963A6C00870DBD /* ViewController.swift in Sources */,
				2BE7C89F27963A6C00870DBD /* AppDelegate.swift in Sources */,
				2BE7C8A127963A6C00870DBD /* SceneDelegate.swift in Sources */,
				2BE7C8D327963F0B00870DBD /* TodoService.swift in Sources */,
				2BE7C8CF27963D1800870DBD /* NewViewController.swift in Sources */,
				2BE7C8D127963EE300870DBD /* Todo.swift in Sources */,
			);
			runOnlyForDeploymentPostprocessing = 0;
		};
		2BE7C8AD27963A6C00870DBD /* Sources */ = {
			isa = PBXSourcesBuildPhase;
			buildActionMask = 2147483647;
			files = (
				2BE7C8B627963A6C00870DBD /* Calibrar1Tests.swift in Sources */,
			);
			runOnlyForDeploymentPostprocessing = 0;
		};
		2BE7C8B727963A6C00870DBD /* Sources */ = {
			isa = PBXSourcesBuildPhase;
			buildActionMask = 2147483647;
			files = (
				2BE7C8C227963A6C00870DBD /* Calibrar1UITestsLaunchTests.swift in Sources */,
				2BE7C8C027963A6C00870DBD /* Calibrar1UITests.swift in Sources */,
			);
			runOnlyForDeploymentPostprocessing = 0;
		};
/* End PBXSourcesBuildPhase section */

/* Begin PBXTargetDependency section */
		2BE7C8B327963A6C00870DBD /* PBXTargetDependency */ = {
			isa = PBXTargetDependency;
			target = 2BE7C89A27963A6C00870DBD /* Calibrar1 */;
			targetProxy = 2BE7C8B227963A6C00870DBD /* PBXContainerItemProxy */;
		};
		2BE7C8BD27963A6C00870DBD /* PBXTargetDependency */ = {
			isa = PBXTargetDependency;
			target = 2BE7C89A27963A6C00870DBD /* Calibrar1 */;
			targetProxy = 2BE7C8BC27963A6C00870DBD /* PBXContainerItemProxy */;
		};
/* End PBXTargetDependency section */

/* Begin PBXVariantGroup section */
		2BE7C8A427963A6C00870DBD /* Main.storyboard */ = {
			isa = PBXVariantGroup;
			children = (
				2BE7C8A527963A6C00870DBD /* Base */,
			);
			name = Main.storyboard;
			sourceTree = "<group>";
		};
		2BE7C8A927963A6C00870DBD /* LaunchScreen.storyboard */ = {
			isa = PBXVariantGroup;
			children = (
				2BE7C8AA27963A6C00870DBD /* Base */,
			);
			name = LaunchScreen.storyboard;
			sourceTree = "<group>";
		};
/* End PBXVariantGroup section */

/* Begin XCBuildConfiguration section */
		2BE7C8C327963A6C00870DBD /* Debug */ = {
			isa = XCBuildConfiguration;
			buildSettings = {
				ALWAYS_SEARCH_USER_PATHS = NO;
				CLANG_ANALYZER_NONNULL = YES;
				CLANG_ANALYZER_NUMBER_OBJECT_CONVERSION = YES_AGGRESSIVE;
				CLANG_CXX_LANGUAGE_STANDARD = "gnu++17";
				CLANG_CXX_LIBRARY = "libc++";
				CLANG_ENABLE_MODULES = YES;
				CLANG_ENABLE_OBJC_ARC = YES;
				CLANG_ENABLE_OBJC_WEAK = YES;
				CLANG_WARN_BLOCK_CAPTURE_AUTORELEASING = YES;
				CLANG_WARN_BOOL_CONVERSION = YES;
				CLANG_WARN_COMMA = YES;
				CLANG_WARN_CONSTANT_CONVERSION = YES;
				CLANG_WARN_DEPRECATED_OBJC_IMPLEMENTATIONS = YES;
				CLANG_WARN_DIRECT_OBJC_ISA_USAGE = YES_ERROR;
				CLANG_WARN_DOCUMENTATION_COMMENTS = YES;
				CLANG_WARN_EMPTY_BODY = YES;
				CLANG_WARN_ENUM_CONVERSION = YES;
				CLANG_WARN_INFINITE_RECURSION = YES;
				CLANG_WARN_INT_CONVERSION = YES;
				CLANG_WARN_NON_LITERAL_NULL_CONVERSION = YES;
				CLANG_WARN_OBJC_IMPLICIT_RETAIN_SELF = YES;
				CLANG_WARN_OBJC_LITERAL_CONVERSION = YES;
				CLANG_WARN_OBJC_ROOT_CLASS = YES_ERROR;
				CLANG_WARN_QUOTED_INCLUDE_IN_FRAMEWORK_HEADER = YES;
				CLANG_WARN_RANGE_LOOP_ANALYSIS = YES;
				CLANG_WARN_STRICT_PROTOTYPES = YES;
				CLANG_WARN_SUSPICIOUS_MOVE = YES;
				CLANG_WARN_UNGUARDED_AVAILABILITY = YES_AGGRESSIVE;
				CLANG_WARN_UNREACHABLE_CODE = YES;
				CLANG_WARN__DUPLICATE_METHOD_MATCH = YES;
				COPY_PHASE_STRIP = NO;
				DEBUG_INFORMATION_FORMAT = dwarf;
				ENABLE_STRICT_OBJC_MSGSEND = YES;
				ENABLE_TESTABILITY = YES;
				GCC_C_LANGUAGE_STANDARD = gnu11;
				GCC_DYNAMIC_NO_PIC = NO;
				GCC_NO_COMMON_BLOCKS = YES;
				GCC_OPTIMIZATION_LEVEL = 0;
				GCC_PREPROCESSOR_DEFINITIONS = (
					"DEBUG=1",
					"$(inherited)",
				);
				GCC_WARN_64_TO_32_BIT_CONVERSION = YES;
				GCC_WARN_ABOUT_RETURN_TYPE = YES_ERROR;
				GCC_WARN_UNDECLARED_SELECTOR = YES;
				GCC_WARN_UNINITIALIZED_AUTOS = YES_AGGRESSIVE;
				GCC_WARN_UNUSED_FUNCTION = YES;
				GCC_WARN_UNUSED_VARIABLE = YES;
				IPHONEOS_DEPLOYMENT_TARGET = 15.2;
				MTL_ENABLE_DEBUG_INFO = INCLUDE_SOURCE;
				MTL_FAST_MATH = YES;
				ONLY_ACTIVE_ARCH = YES;
				SDKROOT = iphoneos;
				SWIFT_ACTIVE_COMPILATION_CONDITIONS = DEBUG;
				SWIFT_OPTIMIZATION_LEVEL = "-Onone";
			};
			name = Debug;
		};
		2BE7C8C427963A6C00870DBD /* Release */ = {
			isa = XCBuildConfiguration;
			buildSettings = {
				ALWAYS_SEARCH_USER_PATHS = NO;
				CLANG_ANALYZER_NONNULL = YES;
				CLANG_ANALYZER_NUMBER_OBJECT_CONVERSION = YES_AGGRESSIVE;
				CLANG_CXX_LANGUAGE_STANDARD = "gnu++17";
				CLANG_CXX_LIBRARY = "libc++";
				CLANG_ENABLE_MODULES = YES;
				CLANG_ENABLE_OBJC_ARC = YES;
				CLANG_ENABLE_OBJC_WEAK = YES;
				CLANG_WARN_BLOCK_CAPTURE_AUTORELEASING = YES;
				CLANG_WARN_BOOL_CONVERSION = YES;
				CLANG_WARN_COMMA = YES;
				CLANG_WARN_CONSTANT_CONVERSION = YES;
				CLANG_WARN_DEPRECATED_OBJC_IMPLEMENTATIONS = YES;
				CLANG_WARN_DIRECT_OBJC_ISA_USAGE = YES_ERROR;
				CLANG_WARN_DOCUMENTATION_COMMENTS = YES;
				CLANG_WARN_EMPTY_BODY = YES;
				CLANG_WARN_ENUM_CONVERSION = YES;
				CLANG_WARN_INFINITE_RECURSION = YES;
				CLANG_WARN_INT_CONVERSION = YES;
				CLANG_WARN_NON_LITERAL_NULL_CONVERSION = YES;
				CLANG_WARN_OBJC_IMPLICIT_RETAIN_SELF = YES;
				CLANG_WARN_OBJC_LITERAL_CONVERSION = YES;
				CLANG_WARN_OBJC_ROOT_CLASS = YES_ERROR;
				CLANG_WARN_QUOTED_INCLUDE_IN_FRAMEWORK_HEADER = YES;
				CLANG_WARN_RANGE_LOOP_ANALYSIS = YES;
				CLANG_WARN_STRICT_PROTOTYPES = YES;
				CLANG_WARN_SUSPICIOUS_MOVE = YES;
				CLANG_WARN_UNGUARDED_AVAILABILITY = YES_AGGRESSIVE;
				CLANG_WARN_UNREACHABLE_CODE = YES;
				CLANG_WARN__DUPLICATE_METHOD_MATCH = YES;
				COPY_PHASE_STRIP = NO;
				DEBUG_INFORMATION_FORMAT = "dwarf-with-dsym";
				ENABLE_NS_ASSERTIONS = NO;
				ENABLE_STRICT_OBJC_MSGSEND = YES;
				GCC_C_LANGUAGE_STANDARD = gnu11;
				GCC_NO_COMMON_BLOCKS = YES;
				GCC_WARN_64_TO_32_BIT_CONVERSION = YES;
				GCC_WARN_ABOUT_RETURN_TYPE = YES_ERROR;
				GCC_WARN_UNDECLARED_SELECTOR = YES;
				GCC_WARN_UNINITIALIZED_AUTOS = YES_AGGRESSIVE;
				GCC_WARN_UNUSED_FUNCTION = YES;
				GCC_WARN_UNUSED_VARIABLE = YES;
				IPHONEOS_DEPLOYMENT_TARGET = 15.2;
				MTL_ENABLE_DEBUG_INFO = NO;
				MTL_FAST_MATH = YES;
				SDKROOT = iphoneos;
				SWIFT_COMPILATION_MODE = wholemodule;
				SWIFT_OPTIMIZATION_LEVEL = "-O";
				VALIDATE_PRODUCT = YES;
			};
			name = Release;
		};
		2BE7C8C627963A6C00870DBD /* Debug */ = {
			isa = XCBuildConfiguration;
			baseConfigurationReference = 25A6ABCDA3EC226E4D14EC99 /* Pods-Calibrar1.debug.xcconfig */;
			buildSettings = {
				ASSETCATALOG_COMPILER_APPICON_NAME = AppIcon;
				ASSETCATALOG_COMPILER_GLOBAL_ACCENT_COLOR_NAME = AccentColor;
				CODE_SIGN_STYLE = Automatic;
				CURRENT_PROJECT_VERSION = 1;
				DEVELOPMENT_TEAM = 8YU8882VAU;
				GENERATE_INFOPLIST_FILE = YES;
				INFOPLIST_FILE = Calibrar1/Info.plist;
				INFOPLIST_KEY_UIApplicationSupportsIndirectInputEvents = YES;
				INFOPLIST_KEY_UILaunchStoryboardName = LaunchScreen;
				INFOPLIST_KEY_UIMainStoryboardFile = Main;
				INFOPLIST_KEY_UISupportedInterfaceOrientations_iPad = "UIInterfaceOrientationPortrait UIInterfaceOrientationPortraitUpsideDown UIInterfaceOrientationLandscapeLeft UIInterfaceOrientationLandscapeRight";
				INFOPLIST_KEY_UISupportedInterfaceOrientations_iPhone = "UIInterfaceOrientationPortrait UIInterfaceOrientationLandscapeLeft UIInterfaceOrientationLandscapeRight";
				LD_RUNPATH_SEARCH_PATHS = (
					"$(inherited)",
					"@executable_path/Frameworks",
				);
				MARKETING_VERSION = 1.0;
				PRODUCT_BUNDLE_IDENTIFIER = io.jakecademy.Calibrar1;
				PRODUCT_NAME = "$(TARGET_NAME)";
				SWIFT_EMIT_LOC_STRINGS = YES;
				SWIFT_VERSION = 5.0;
				TARGETED_DEVICE_FAMILY = "1,2";
			};
			name = Debug;
		};
		2BE7C8C727963A6C00870DBD /* Release */ = {
			isa = XCBuildConfiguration;
			baseConfigurationReference = AF0D2933C805DA21006F1651 /* Pods-Calibrar1.release.xcconfig */;
			buildSettings = {
				ASSETCATALOG_COMPILER_APPICON_NAME = AppIcon;
				ASSETCATALOG_COMPILER_GLOBAL_ACCENT_COLOR_NAME = AccentColor;
				CODE_SIGN_STYLE = Automatic;
				CURRENT_PROJECT_VERSION = 1;
				DEVELOPMENT_TEAM = 8YU8882VAU;
				GENERATE_INFOPLIST_FILE = YES;
				INFOPLIST_FILE = Calibrar1/Info.plist;
				INFOPLIST_KEY_UIApplicationSupportsIndirectInputEvents = YES;
				INFOPLIST_KEY_UILaunchStoryboardName = LaunchScreen;
				INFOPLIST_KEY_UIMainStoryboardFile = Main;
				INFOPLIST_KEY_UISupportedInterfaceOrientations_iPad = "UIInterfaceOrientationPortrait UIInterfaceOrientationPortraitUpsideDown UIInterfaceOrientationLandscapeLeft UIInterfaceOrientationLandscapeRight";
				INFOPLIST_KEY_UISupportedInterfaceOrientations_iPhone = "UIInterfaceOrientationPortrait UIInterfaceOrientationLandscapeLeft UIInterfaceOrientationLandscapeRight";
				LD_RUNPATH_SEARCH_PATHS = (
					"$(inherited)",
					"@executable_path/Frameworks",
				);
				MARKETING_VERSION = 1.0;
				PRODUCT_BUNDLE_IDENTIFIER = io.jakecademy.Calibrar1;
				PRODUCT_NAME = "$(TARGET_NAME)";
				SWIFT_EMIT_LOC_STRINGS = YES;
				SWIFT_VERSION = 5.0;
				TARGETED_DEVICE_FAMILY = "1,2";
			};
			name = Release;
		};
		2BE7C8C927963A6C00870DBD /* Debug */ = {
			isa = XCBuildConfiguration;
			baseConfigurationReference = 2A9726314ED50021FF589413 /* Pods-Calibrar1Tests.debug.xcconfig */;
			buildSettings = {
				ALWAYS_EMBED_SWIFT_STANDARD_LIBRARIES = YES;
				BUNDLE_LOADER = "$(TEST_HOST)";
				CODE_SIGN_STYLE = Automatic;
				CURRENT_PROJECT_VERSION = 1;
				DEVELOPMENT_TEAM = 8YU8882VAU;
				GENERATE_INFOPLIST_FILE = YES;
				IPHONEOS_DEPLOYMENT_TARGET = 15.2;
				MARKETING_VERSION = 1.0;
				PRODUCT_BUNDLE_IDENTIFIER = io.jakecademy.Calibrar1Tests;
				PRODUCT_NAME = "$(TARGET_NAME)";
				SWIFT_EMIT_LOC_STRINGS = NO;
				SWIFT_VERSION = 5.0;
				TARGETED_DEVICE_FAMILY = "1,2";
				TEST_HOST = "$(BUILT_PRODUCTS_DIR)/Calibrar1.app/Calibrar1";
			};
			name = Debug;
		};
		2BE7C8CA27963A6C00870DBD /* Release */ = {
			isa = XCBuildConfiguration;
			baseConfigurationReference = 17F1B9534C3E1E133A81E737 /* Pods-Calibrar1Tests.release.xcconfig */;
			buildSettings = {
				ALWAYS_EMBED_SWIFT_STANDARD_LIBRARIES = YES;
				BUNDLE_LOADER = "$(TEST_HOST)";
				CODE_SIGN_STYLE = Automatic;
				CURRENT_PROJECT_VERSION = 1;
				DEVELOPMENT_TEAM = 8YU8882VAU;
				GENERATE_INFOPLIST_FILE = YES;
				IPHONEOS_DEPLOYMENT_TARGET = 15.2;
				MARKETING_VERSION = 1.0;
				PRODUCT_BUNDLE_IDENTIFIER = io.jakecademy.Calibrar1Tests;
				PRODUCT_NAME = "$(TARGET_NAME)";
				SWIFT_EMIT_LOC_STRINGS = NO;
				SWIFT_VERSION = 5.0;
				TARGETED_DEVICE_FAMILY = "1,2";
				TEST_HOST = "$(BUILT_PRODUCTS_DIR)/Calibrar1.app/Calibrar1";
			};
			name = Release;
		};
		2BE7C8CC27963A6C00870DBD /* Debug */ = {
			isa = XCBuildConfiguration;
			baseConfigurationReference = DE650A0B49882B7CD6315BCF /* Pods-Calibrar1-Calibrar1UITests.debug.xcconfig */;
			buildSettings = {
				ALWAYS_EMBED_SWIFT_STANDARD_LIBRARIES = YES;
				CODE_SIGN_STYLE = Automatic;
				CURRENT_PROJECT_VERSION = 1;
				DEVELOPMENT_TEAM = 8YU8882VAU;
				GENERATE_INFOPLIST_FILE = YES;
				MARKETING_VERSION = 1.0;
				PRODUCT_BUNDLE_IDENTIFIER = io.jakecademy.Calibrar1UITests;
				PRODUCT_NAME = "$(TARGET_NAME)";
				SWIFT_EMIT_LOC_STRINGS = NO;
				SWIFT_VERSION = 5.0;
				TARGETED_DEVICE_FAMILY = "1,2";
				TEST_TARGET_NAME = Calibrar1;
			};
			name = Debug;
		};
		2BE7C8CD27963A6C00870DBD /* Release */ = {
			isa = XCBuildConfiguration;
			baseConfigurationReference = 4BD8A4E604F8A1FD8A4DAB09 /* Pods-Calibrar1-Calibrar1UITests.release.xcconfig */;
			buildSettings = {
				ALWAYS_EMBED_SWIFT_STANDARD_LIBRARIES = YES;
				CODE_SIGN_STYLE = Automatic;
				CURRENT_PROJECT_VERSION = 1;
				DEVELOPMENT_TEAM = 8YU8882VAU;
				GENERATE_INFOPLIST_FILE = YES;
				MARKETING_VERSION = 1.0;
				PRODUCT_BUNDLE_IDENTIFIER = io.jakecademy.Calibrar1UITests;
				PRODUCT_NAME = "$(TARGET_NAME)";
				SWIFT_EMIT_LOC_STRINGS = NO;
				SWIFT_VERSION = 5.0;
				TARGETED_DEVICE_FAMILY = "1,2";
				TEST_TARGET_NAME = Calibrar1;
			};
			name = Release;
		};
/* End XCBuildConfiguration section */

/* Begin XCConfigurationList section */
		2BE7C89627963A6C00870DBD /* Build configuration list for PBXProject "Calibrar1" */ = {
			isa = XCConfigurationList;
			buildConfigurations = (
				2BE7C8C327963A6C00870DBD /* Debug */,
				2BE7C8C427963A6C00870DBD /* Release */,
			);
			defaultConfigurationIsVisible = 0;
			defaultConfigurationName = Release;
		};
		2BE7C8C527963A6C00870DBD /* Build configuration list for PBXNativeTarget "Calibrar1" */ = {
			isa = XCConfigurationList;
			buildConfigurations = (
				2BE7C8C627963A6C00870DBD /* Debug */,
				2BE7C8C727963A6C00870DBD /* Release */,
			);
			defaultConfigurationIsVisible = 0;
			defaultConfigurationName = Release;
		};
		2BE7C8C827963A6C00870DBD /* Build configuration list for PBXNativeTarget "Calibrar1Tests" */ = {
			isa = XCConfigurationList;
			buildConfigurations = (
				2BE7C8C927963A6C00870DBD /* Debug */,
				2BE7C8CA27963A6C00870DBD /* Release */,
			);
			defaultConfigurationIsVisible = 0;
			defaultConfigurationName = Release;
		};
		2BE7C8CB27963A6C00870DBD /* Build configuration list for PBXNativeTarget "Calibrar1UITests" */ = {
			isa = XCConfigurationList;
			buildConfigurations = (
				2BE7C8CC27963A6C00870DBD /* Debug */,
				2BE7C8CD27963A6C00870DBD /* Release */,
			);
			defaultConfigurationIsVisible = 0;
			defaultConfigurationName = Release;
		};
/* End XCConfigurationList section */
	};
	rootObject = 2BE7C89327963A6C00870DBD /* Project object */;
}
